
Microsoft Visual Studio Solution File, Format Version 12.00
# Visual Studio Version 16
VisualStudioVersion = 16.0.29709.97
MinimumVisualStudioVersion = 10.0.40219.1
Project("{FAE04EC0-301F-11D3-BF4B-00C04F79EFBC}") = "WindowsForms Exam 1", "WindowsForms Exam 1.csproj", "{527E133A-1421-49C9-8A91-B34EF29D8348}"
EndProject
Global
	GlobalSection(SolutionConfigurationPlatforms) = preSolution
		Debug|Any CPU = Debug|Any CPU
		Release|Any CPU = Release|Any CPU
	EndGlobalSection
	GlobalSection(ProjectConfigurationPlatforms) = postSolution
		{527E133A-1421-49C9-8A91-B34EF29D8348}.Debug|Any CPU.ActiveCfg = Debug|Any CPU
		{527E133A-1421-49C9-8A91-B34EF29D8348}.Debug|Any CPU.Build.0 = Debug|Any CPU
		{527E133A-1421-49C9-8A91-B34EF29D8348}.Release|Any CPU.ActiveCfg = Release|Any CPU
		{527E133A-1421-49C9-8A91-B34EF29D8348}.Release|Any CPU.Build.0 = Release|Any CPU
	EndGlobalSection
	GlobalSection(SolutionProperties) = preSolution
		HideSolutionNode = FALSE
	EndGlobalSection
	GlobalSection(ExtensibilityGlobals) = postSolution
		SolutionGuid = {F61D5E48-C09E-48B2-939C-14A7D9326189}
	EndGlobalSection
EndGlobal
